
Microsoft Visual Studio Solution File, Format Version 12.00
# Visual Studio Version 16
VisualStudioVersion = 16.0.29613.14
MinimumVisualStudioVersion = 10.0.40219.1
Project("{FAE04EC0-301F-11D3-BF4B-00C04F79EFBC}") = "TotoGUI", "TotoGUI\TotoGUI.csproj", "{0A7AB72A-D862-4CAC-9238-EF99F0C5ADE8}"
EndProject
Global
	GlobalSection(SolutionConfigurationPlatforms) = preSolution
		Debug|Any CPU = Debug|Any CPU
		Release|Any CPU = Release|Any CPU
	EndGlobalSection
	GlobalSection(ProjectConfigurationPlatforms) = postSolution
		{0A7AB72A-D862-4CAC-9238-EF99F0C5ADE8}.Debug|Any CPU.ActiveCfg = Debug|Any CPU
		{0A7AB72A-D862-4CAC-9238-EF99F0C5ADE8}.Debug|Any CPU.Build.0 = Debug|Any CPU
		{0A7AB72A-D862-4CAC-9238-EF99F0C5ADE8}.Release|Any CPU.ActiveCfg = Release|Any CPU
		{0A7AB72A-D862-4CAC-9238-EF99F0C5ADE8}.Release|Any CPU.Build.0 = Release|Any CPU
	EndGlobalSection
	GlobalSection(SolutionProperties) = preSolution
		HideSolutionNode = FALSE
	EndGlobalSection
	GlobalSection(ExtensibilityGlobals) = postSolution
		SolutionGuid = {A085AD36-BD5D-4EBA-BA54-3CBF27D7B500}
	EndGlobalSection
EndGlobal
